// !$*UTF8*$!
{
	archiveVersion = 1;
	classes = {
	};
	objectVersion = 46;
	objects = {

/* Begin PBXBuildFile section */
		06A76841180129C90090CBF5 /* Foundation.framework in Frameworks */ = {isa = PBXBuildFile; fileRef = 06A76840180129C90090CBF5 /* Foundation.framework */; };
		06A76843180129C90090CBF5 /* CoreGraphics.framework in Frameworks */ = {isa = PBXBuildFile; fileRef = 06A76842180129C90090CBF5 /* CoreGraphics.framework */; };
		06A76845180129C90090CBF5 /* UIKit.framework in Frameworks */ = {isa = PBXBuildFile; fileRef = 06A76844180129C90090CBF5 /* UIKit.framework */; };
		06A7684B180129C90090CBF5 /* InfoPlist.strings in Resources */ = {isa = PBXBuildFile; fileRef = 06A76849180129C90090CBF5 /* InfoPlist.strings */; };
		06A7684D180129C90090CBF5 /* main.m in Sources */ = {isa = PBXBuildFile; fileRef = 06A7684C180129C90090CBF5 /* main.m */; };
		06A76851180129C90090CBF5 /* AppStoreExAppDelegate.m in Sources */ = {isa = PBXBuildFile; fileRef = 06A76850180129C90090CBF5 /* AppStoreExAppDelegate.m */; };
		06A76857180129C90090CBF5 /* AppStoreExViewController.m in Sources */ = {isa = PBXBuildFile; fileRef = 06A76856180129C90090CBF5 /* AppStoreExViewController.m */; };
		06A76859180129C90090CBF5 /* Images.xcassets in Resources */ = {isa = PBXBuildFile; fileRef = 06A76858180129C90090CBF5 /* Images.xcassets */; };
		06A76860180129C90090CBF5 /* XCTest.framework in Frameworks */ = {isa = PBXBuildFile; fileRef = 06A7685F180129C90090CBF5 /* XCTest.framework */; };
		06A76861180129C90090CBF5 /* Foundation.framework in Frameworks */ = {isa = PBXBuildFile; fileRef = 06A76840180129C90090CBF5 /* Foundation.framework */; };
		06A76862180129C90090CBF5 /* UIKit.framework in Frameworks */ = {isa = PBXBuildFile; fileRef = 06A76844180129C90090CBF5 /* UIKit.framework */; };
		06A7686A180129C90090CBF5 /* InfoPlist.strings in Resources */ = {isa = PBXBuildFile; fileRef = 06A76868180129C90090CBF5 /* InfoPlist.strings */; };
		06A7686C180129C90090CBF5 /* SnapChat_V2Tests.m in Sources */ = {isa = PBXBuildFile; fileRef = 06A7686B180129C90090CBF5 /* SnapChat_V2Tests.m */; };
		06A7687718012AA70090CBF5 /* LogInViewController.m in Sources */ = {isa = PBXBuildFile; fileRef = 06A7687618012AA70090CBF5 /* LogInViewController.m */; };
		06A7687C1801314F0090CBF5 /* SignInViewController.m in Sources */ = {isa = PBXBuildFile; fileRef = 06A7687B1801314F0090CBF5 /* SignInViewController.m */; };
		06A7688018013E080090CBF5 /* Main.storyboard in Resources */ = {isa = PBXBuildFile; fileRef = 06A7687F18013E070090CBF5 /* Main.storyboard */; };
		685F5A22180BD36700A900DF /* CameraViewController.m in Sources */ = {isa = PBXBuildFile; fileRef = 685F5A21180BD36700A900DF /* CameraViewController.m */; };
/* End PBXBuildFile section */

/* Begin PBXContainerItemProxy section */
		06A76863180129C90090CBF5 /* PBXContainerItemProxy */ = {
			isa = PBXContainerItemProxy;
			containerPortal = 06A76835180129C90090CBF5 /* Project object */;
			proxyType = 1;
			remoteGlobalIDString = 06A7683C180129C90090CBF5;
			remoteInfo = SnapChat_V2;
		};
/* End PBXContainerItemProxy section */

/* Begin PBXFileReference section */
		06A7683D180129C90090CBF5 /* SnapChat_V2.app */ = {isa = PBXFileReference; explicitFileType = wrapper.application; includeInIndex = 0; path = SnapChat_V2.app; sourceTree = BUILT_PRODUCTS_DIR; };
		06A76840180129C90090CBF5 /* Foundation.framework */ = {isa = PBXFileReference; lastKnownFileType = wrapper.framework; name = Foundation.framework; path = System/Library/Frameworks/Foundation.framework; sourceTree = SDKROOT; };
		06A76842180129C90090CBF5 /* CoreGraphics.framework */ = {isa = PBXFileReference; lastKnownFileType = wrapper.framework; name = CoreGraphics.framework; path = System/Library/Frameworks/CoreGraphics.framework; sourceTree = SDKROOT; };
		06A76844180129C90090CBF5 /* UIKit.framework */ = {isa = PBXFileReference; lastKnownFileType = wrapper.framework; name = UIKit.framework; path = System/Library/Frameworks/UIKit.framework; sourceTree = SDKROOT; };
		06A76848180129C90090CBF5 /* SnapChat_V2-Info.plist */ = {isa = PBXFileReference; lastKnownFileType = text.plist.xml; path = "SnapChat_V2-Info.plist"; sourceTree = "<group>"; };
		06A7684A180129C90090CBF5 /* en */ = {isa = PBXFileReference; lastKnownFileType = text.plist.strings; name = en; path = en.lproj/InfoPlist.strings; sourceTree = "<group>"; };
		06A7684C180129C90090CBF5 /* main.m */ = {isa = PBXFileReference; lastKnownFileType = sourcecode.c.objc; path = main.m; sourceTree = "<group>"; };
		06A7684E180129C90090CBF5 /* SnapChat_V2-Prefix.pch */ = {isa = PBXFileReference; lastKnownFileType = sourcecode.c.h; path = "SnapChat_V2-Prefix.pch"; sourceTree = "<group>"; };
		06A7684F180129C90090CBF5 /* AppStoreExAppDelegate.h */ = {isa = PBXFileReference; lastKnownFileType = sourcecode.c.h; path = AppStoreExAppDelegate.h; sourceTree = "<group>"; };
		06A76850180129C90090CBF5 /* AppStoreExAppDelegate.m */ = {isa = PBXFileReference; lastKnownFileType = sourcecode.c.objc; path = AppStoreExAppDelegate.m; sourceTree = "<group>"; };
		06A76855180129C90090CBF5 /* AppStoreExViewController.h */ = {isa = PBXFileReference; lastKnownFileType = sourcecode.c.h; path = AppStoreExViewController.h; sourceTree = "<group>"; };
		06A76856180129C90090CBF5 /* AppStoreExViewController.m */ = {isa = PBXFileReference; lastKnownFileType = sourcecode.c.objc; path = AppStoreExViewController.m; sourceTree = "<group>"; };
		06A76858180129C90090CBF5 /* Images.xcassets */ = {isa = PBXFileReference; lastKnownFileType = folder.assetcatalog; path = Images.xcassets; sourceTree = "<group>"; };
		06A7685E180129C90090CBF5 /* SnapChat_V2Tests.xctest */ = {isa = PBXFileReference; explicitFileType = wrapper.cfbundle; includeInIndex = 0; path = SnapChat_V2Tests.xctest; sourceTree = BUILT_PRODUCTS_DIR; };
		06A7685F180129C90090CBF5 /* XCTest.framework */ = {isa = PBXFileReference; lastKnownFileType = wrapper.framework; name = XCTest.framework; path = Library/Frameworks/XCTest.framework; sourceTree = DEVELOPER_DIR; };
		06A76867180129C90090CBF5 /* SnapChat_V2Tests-Info.plist */ = {isa = PBXFileReference; lastKnownFileType = text.plist.xml; path = "SnapChat_V2Tests-Info.plist"; sourceTree = "<group>"; };
		06A76869180129C90090CBF5 /* en */ = {isa = PBXFileReference; lastKnownFileType = text.plist.strings; name = en; path = en.lproj/InfoPlist.strings; sourceTree = "<group>"; };
		06A7686B180129C90090CBF5 /* SnapChat_V2Tests.m */ = {isa = PBXFileReference; lastKnownFileType = sourcecode.c.objc; path = SnapChat_V2Tests.m; sourceTree = "<group>"; };
		06A7687518012AA70090CBF5 /* LogInViewController.h */ = {isa = PBXFileReference; fileEncoding = 4; lastKnownFileType = sourcecode.c.h; path = LogInViewController.h; sourceTree = "<group>"; };
		06A7687618012AA70090CBF5 /* LogInViewController.m */ = {isa = PBXFileReference; fileEncoding = 4; lastKnownFileType = sourcecode.c.objc; path = LogInViewController.m; sourceTree = "<group>"; };
		06A7687A1801314F0090CBF5 /* SignInViewController.h */ = {isa = PBXFileReference; fileEncoding = 4; lastKnownFileType = sourcecode.c.h; path = SignInViewController.h; sourceTree = "<group>"; };
		06A7687B1801314F0090CBF5 /* SignInViewController.m */ = {isa = PBXFileReference; fileEncoding = 4; lastKnownFileType = sourcecode.c.objc; path = SignInViewController.m; sourceTree = "<group>"; };
		06A7687F18013E070090CBF5 /* Main.storyboard */ = {isa = PBXFileReference; fileEncoding = 4; lastKnownFileType = file.storyboard; path = Main.storyboard; sourceTree = "<group>"; };
		685F5A20180BD36700A900DF /* CameraViewController.h */ = {isa = PBXFileReference; fileEncoding = 4; lastKnownFileType = sourcecode.c.h; path = CameraViewController.h; sourceTree = "<group>"; };
		685F5A21180BD36700A900DF /* CameraViewController.m */ = {isa = PBXFileReference; fileEncoding = 4; lastKnownFileType = sourcecode.c.objc; path = CameraViewController.m; sourceTree = "<group>"; };
/* End PBXFileReference section */

/* Begin PBXFrameworksBuildPhase section */
		06A7683A180129C90090CBF5 /* Frameworks */ = {
			isa = PBXFrameworksBuildPhase;
			buildActionMask = 2147483647;
			files = (
				06A76843180129C90090CBF5 /* CoreGraphics.framework in Frameworks */,
				06A76845180129C90090CBF5 /* UIKit.framework in Frameworks */,
				06A76841180129C90090CBF5 /* Foundation.framework in Frameworks */,
			);
			runOnlyForDeploymentPostprocessing = 0;
		};
		06A7685B180129C90090CBF5 /* Frameworks */ = {
			isa = PBXFrameworksBuildPhase;
			buildActionMask = 2147483647;
			files = (
				06A76860180129C90090CBF5 /* XCTest.framework in Frameworks */,
				06A76862180129C90090CBF5 /* UIKit.framework in Frameworks */,
				06A76861180129C90090CBF5 /* Foundation.framework in Frameworks */,
			);
			runOnlyForDeploymentPostprocessing = 0;
		};
/* End PBXFrameworksBuildPhase section */

/* Begin PBXGroup section */
		06A76834180129C90090CBF5 = {
			isa = PBXGroup;
			children = (
				06A76846180129C90090CBF5 /* SnapChat_V2 */,
				06A76865180129C90090CBF5 /* SnapChat_V2Tests */,
				06A7683F180129C90090CBF5 /* Frameworks */,
				06A7683E180129C90090CBF5 /* Products */,
			);
			sourceTree = "<group>";
		};
		06A7683E180129C90090CBF5 /* Products */ = {
			isa = PBXGroup;
			children = (
				06A7683D180129C90090CBF5 /* SnapChat_V2.app */,
				06A7685E180129C90090CBF5 /* SnapChat_V2Tests.xctest */,
			);
			name = Products;
			sourceTree = "<group>";
		};
		06A7683F180129C90090CBF5 /* Frameworks */ = {
			isa = PBXGroup;
			children = (
				06A76840180129C90090CBF5 /* Foundation.framework */,
				06A76842180129C90090CBF5 /* CoreGraphics.framework */,
				06A76844180129C90090CBF5 /* UIKit.framework */,
				06A7685F180129C90090CBF5 /* XCTest.framework */,
			);
			name = Frameworks;
			sourceTree = "<group>";
		};
		06A76846180129C90090CBF5 /* SnapChat_V2 */ = {
			isa = PBXGroup;
			children = (
				06A7687A1801314F0090CBF5 /* SignInViewController.h */,
				06A7687B1801314F0090CBF5 /* SignInViewController.m */,
				06A7687518012AA70090CBF5 /* LogInViewController.h */,
				06A7687618012AA70090CBF5 /* LogInViewController.m */,
				06A7687F18013E070090CBF5 /* Main.storyboard */,
				06A7684F180129C90090CBF5 /* AppStoreExAppDelegate.h */,
				06A76850180129C90090CBF5 /* AppStoreExAppDelegate.m */,
				06A76855180129C90090CBF5 /* AppStoreExViewController.h */,
				06A76856180129C90090CBF5 /* AppStoreExViewController.m */,
				06A76858180129C90090CBF5 /* Images.xcassets */,
				06A76847180129C90090CBF5 /* Supporting Files */,
				685F5A20180BD36700A900DF /* CameraViewController.h */,
				685F5A21180BD36700A900DF /* CameraViewController.m */,
			);
			path = SnapChat_V2;
			sourceTree = "<group>";
		};
		06A76847180129C90090CBF5 /* Supporting Files */ = {
			isa = PBXGroup;
			children = (
				06A76848180129C90090CBF5 /* SnapChat_V2-Info.plist */,
				06A76849180129C90090CBF5 /* InfoPlist.strings */,
				06A7684C180129C90090CBF5 /* main.m */,
				06A7684E180129C90090CBF5 /* SnapChat_V2-Prefix.pch */,
			);
			name = "Supporting Files";
			sourceTree = "<group>";
		};
		06A76865180129C90090CBF5 /* SnapChat_V2Tests */ = {
			isa = PBXGroup;
			children = (
				06A7686B180129C90090CBF5 /* SnapChat_V2Tests.m */,
				06A76866180129C90090CBF5 /* Supporting Files */,
			);
			path = SnapChat_V2Tests;
			sourceTree = "<group>";
		};
		06A76866180129C90090CBF5 /* Supporting Files */ = {
			isa = PBXGroup;
			children = (
				06A76867180129C90090CBF5 /* SnapChat_V2Tests-Info.plist */,
				06A76868180129C90090CBF5 /* InfoPlist.strings */,
			);
			name = "Supporting Files";
			sourceTree = "<group>";
		};
/* End PBXGroup section */

/* Begin PBXNativeTarget section */
		06A7683C180129C90090CBF5 /* SnapChat_V2 */ = {
			isa = PBXNativeTarget;
			buildConfigurationList = 06A7686F180129C90090CBF5 /* Build configuration list for PBXNativeTarget "SnapChat_V2" */;
			buildPhases = (
				06A76839180129C90090CBF5 /* Sources */,
				06A7683A180129C90090CBF5 /* Frameworks */,
				06A7683B180129C90090CBF5 /* Resources */,
			);
			buildRules = (
			);
			dependencies = (
			);
			name = SnapChat_V2;
			productName = SnapChat_V2;
			productReference = 06A7683D180129C90090CBF5 /* SnapChat_V2.app */;
			productType = "com.apple.product-type.application";
		};
		06A7685D180129C90090CBF5 /* SnapChat_V2Tests */ = {
			isa = PBXNativeTarget;
			buildConfigurationList = 06A76872180129C90090CBF5 /* Build configuration list for PBXNativeTarget "SnapChat_V2Tests" */;
			buildPhases = (
				06A7685A180129C90090CBF5 /* Sources */,
				06A7685B180129C90090CBF5 /* Frameworks */,
				06A7685C180129C90090CBF5 /* Resources */,
			);
			buildRules = (
			);
			dependencies = (
				06A76864180129C90090CBF5 /* PBXTargetDependency */,
			);
			name = SnapChat_V2Tests;
			productName = SnapChat_V2Tests;
			productReference = 06A7685E180129C90090CBF5 /* SnapChat_V2Tests.xctest */;
			productType = "com.apple.product-type.bundle.unit-test";
		};
/* End PBXNativeTarget section */

/* Begin PBXProject section */
		06A76835180129C90090CBF5 /* Project object */ = {
			isa = PBXProject;
			attributes = {
				CLASSPREFIX = AppStoreEx;
				LastUpgradeCheck = 0500;
				ORGANIZATIONNAME = KimByungyoon;
				TargetAttributes = {
					06A7685D180129C90090CBF5 = {
						TestTargetID = 06A7683C180129C90090CBF5;
					};
				};
			};
			buildConfigurationList = 06A76838180129C90090CBF5 /* Build configuration list for PBXProject "SnapChat_V2" */;
			compatibilityVersion = "Xcode 3.2";
			developmentRegion = English;
			hasScannedForEncodings = 0;
			knownRegions = (
				en,
				Base,
			);
			mainGroup = 06A76834180129C90090CBF5;
			productRefGroup = 06A7683E180129C90090CBF5 /* Products */;
			projectDirPath = "";
			projectRoot = "";
			targets = (
				06A7683C180129C90090CBF5 /* SnapChat_V2 */,
				06A7685D180129C90090CBF5 /* SnapChat_V2Tests */,
			);
		};
/* End PBXProject section */

/* Begin PBXResourcesBuildPhase section */
		06A7683B180129C90090CBF5 /* Resources */ = {
			isa = PBXResourcesBuildPhase;
			buildActionMask = 2147483647;
			files = (
				06A7688018013E080090CBF5 /* Main.storyboard in Resources */,
				06A76859180129C90090CBF5 /* Images.xcassets in Resources */,
				06A7684B180129C90090CBF5 /* InfoPlist.strings in Resources */,
			);
			runOnlyForDeploymentPostprocessing = 0;
		};
		06A7685C180129C90090CBF5 /* Resources */ = {
			isa = PBXResourcesBuildPhase;
			buildActionMask = 2147483647;
			files = (
				06A7686A180129C90090CBF5 /* InfoPlist.strings in Resources */,
			);
			runOnlyForDeploymentPostprocessing = 0;
		};
/* End PBXResourcesBuildPhase section */

/* Begin PBXSourcesBuildPhase section */
		06A76839180129C90090CBF5 /* Sources */ = {
			isa = PBXSourcesBuildPhase;
			buildActionMask = 2147483647;
			files = (
				06A7687C1801314F0090CBF5 /* SignInViewController.m in Sources */,
				06A7687718012AA70090CBF5 /* LogInViewController.m in Sources */,
				06A76857180129C90090CBF5 /* AppStoreExViewController.m in Sources */,
				685F5A22180BD36700A900DF /* CameraViewController.m in Sources */,
				06A7684D180129C90090CBF5 /* main.m in Sources */,
				06A76851180129C90090CBF5 /* AppStoreExAppDelegate.m in Sources */,
			);
			runOnlyForDeploymentPostprocessing = 0;
		};
		06A7685A180129C90090CBF5 /* Sources */ = {
			isa = PBXSourcesBuildPhase;
			buildActionMask = 2147483647;
			files = (
				06A7686C180129C90090CBF5 /* SnapChat_V2Tests.m in Sources */,
			);
			runOnlyForDeploymentPostprocessing = 0;
		};
/* End PBXSourcesBuildPhase section */

/* Begin PBXTargetDependency section */
		06A76864180129C90090CBF5 /* PBXTargetDependency */ = {
			isa = PBXTargetDependency;
			target = 06A7683C180129C90090CBF5 /* SnapChat_V2 */;
			targetProxy = 06A76863180129C90090CBF5 /* PBXContainerItemProxy */;
		};
/* End PBXTargetDependency section */

/* Begin PBXVariantGroup section */
		06A76849180129C90090CBF5 /* InfoPlist.strings */ = {
			isa = PBXVariantGroup;
			children = (
				06A7684A180129C90090CBF5 /* en */,
			);
			name = InfoPlist.strings;
			sourceTree = "<group>";
		};
		06A76868180129C90090CBF5 /* InfoPlist.strings */ = {
			isa = PBXVariantGroup;
			children = (
				06A76869180129C90090CBF5 /* en */,
			);
			name = InfoPlist.strings;
			sourceTree = "<group>";
		};
/* End PBXVariantGroup section */

/* Begin XCBuildConfiguration section */
		06A7686D180129C90090CBF5 /* Debug */ = {
			isa = XCBuildConfiguration;
			buildSettings = {
				ALWAYS_SEARCH_USER_PATHS = NO;
				ARCHS = "$(ARCHS_STANDARD_INCLUDING_64_BIT)";
				CLANG_CXX_LANGUAGE_STANDARD = "gnu++0x";
				CLANG_CXX_LIBRARY = "libc++";
				CLANG_ENABLE_MODULES = YES;
				CLANG_ENABLE_OBJC_ARC = YES;
				CLANG_WARN_BOOL_CONVERSION = YES;
				CLANG_WARN_CONSTANT_CONVERSION = YES;
				CLANG_WARN_DIRECT_OBJC_ISA_USAGE = YES_ERROR;
				CLANG_WARN_EMPTY_BODY = YES;
				CLANG_WARN_ENUM_CONVERSION = YES;
				CLANG_WARN_INT_CONVERSION = YES;
				CLANG_WARN_OBJC_ROOT_CLASS = YES_ERROR;
				CLANG_WARN__DUPLICATE_METHOD_MATCH = YES;
				"CODE_SIGN_IDENTITY[sdk=iphoneos*]" = "iPhone Developer";
				COPY_PHASE_STRIP = NO;
				GCC_C_LANGUAGE_STANDARD = gnu99;
				GCC_DYNAMIC_NO_PIC = NO;
				GCC_OPTIMIZATION_LEVEL = 0;
				GCC_PREPROCESSOR_DEFINITIONS = (
					"DEBUG=1",
					"$(inherited)",
				);
				GCC_SYMBOLS_PRIVATE_EXTERN = NO;
				GCC_WARN_64_TO_32_BIT_CONVERSION = YES;
				GCC_WARN_ABOUT_RETURN_TYPE = YES_ERROR;
				GCC_WARN_UNDECLARED_SELECTOR = YES;
				GCC_WARN_UNINITIALIZED_AUTOS = YES;
				GCC_WARN_UNUSED_FUNCTION = YES;
				GCC_WARN_UNUSED_VARIABLE = YES;
				IPHONEOS_DEPLOYMENT_TARGET = 7.0;
				ONLY_ACTIVE_ARCH = YES;
				SDKROOT = iphoneos;
			};
			name = Debug;
		};
		06A7686E180129C90090CBF5 /* Release */ = {
			isa = XCBuildConfiguration;
			buildSettings = {
				ALWAYS_SEARCH_USER_PATHS = NO;
				ARCHS = "$(ARCHS_STANDARD_INCLUDING_64_BIT)";
				CLANG_CXX_LANGUAGE_STANDARD = "gnu++0x";
				CLANG_CXX_LIBRARY = "libc++";
				CLANG_ENABLE_MODULES = YES;
				CLANG_ENABLE_OBJC_ARC = YES;
				CLANG_WARN_BOOL_CONVERSION = YES;
				CLANG_WARN_CONSTANT_CONVERSION = YES;
				CLANG_WARN_DIRECT_OBJC_ISA_USAGE = YES_ERROR;
				CLANG_WARN_EMPTY_BODY = YES;
				CLANG_WARN_ENUM_CONVERSION = YES;
				CLANG_WARN_INT_CONVERSION = YES;
				CLANG_WARN_OBJC_ROOT_CLASS = YES_ERROR;
				CLANG_WARN__DUPLICATE_METHOD_MATCH = YES;
				"CODE_SIGN_IDENTITY[sdk=iphoneos*]" = "iPhone Developer";
				COPY_PHASE_STRIP = YES;
				ENABLE_NS_ASSERTIONS = NO;
				GCC_C_LANGUAGE_STANDARD = gnu99;
				GCC_WARN_64_TO_32_BIT_CONVERSION = YES;
				GCC_WARN_ABOUT_RETURN_TYPE = YES_ERROR;
				GCC_WARN_UNDECLARED_SELECTOR = YES;
				GCC_WARN_UNINITIALIZED_AUTOS = YES;
				GCC_WARN_UNUSED_FUNCTION = YES;
				GCC_WARN_UNUSED_VARIABLE = YES;
				IPHONEOS_DEPLOYMENT_TARGET = 7.0;
				SDKROOT = iphoneos;
				VALIDATE_PRODUCT = YES;
			};
			name = Release;
		};
		06A76870180129C90090CBF5 /* Debug */ = {
			isa = XCBuildConfiguration;
			buildSettings = {
				ASSETCATALOG_COMPILER_APPICON_NAME = AppIcon;
				ASSETCATALOG_COMPILER_LAUNCHIMAGE_NAME = LaunchImage;
				GCC_PRECOMPILE_PREFIX_HEADER = YES;
				GCC_PREFIX_HEADER = "SnapChat_V2/SnapChat_V2-Prefix.pch";
				INFOPLIST_FILE = "SnapChat_V2/SnapChat_V2-Info.plist";
				PRODUCT_NAME = "$(TARGET_NAME)";
				WRAPPER_EXTENSION = app;
			};
			name = Debug;
		};
		06A76871180129C90090CBF5 /* Release */ = {
			isa = XCBuildConfiguration;
			buildSettings = {
				ASSETCATALOG_COMPILER_APPICON_NAME = AppIcon;
				ASSETCATALOG_COMPILER_LAUNCHIMAGE_NAME = LaunchImage;
				GCC_PRECOMPILE_PREFIX_HEADER = YES;
				GCC_PREFIX_HEADER = "SnapChat_V2/SnapChat_V2-Prefix.pch";
				INFOPLIST_FILE = "SnapChat_V2/SnapChat_V2-Info.plist";
				PRODUCT_NAME = "$(TARGET_NAME)";
				WRAPPER_EXTENSION = app;
			};
			name = Release;
		};
		06A76873180129C90090CBF5 /* Debug */ = {
			isa = XCBuildConfiguration;
			buildSettings = {
				ARCHS = "$(ARCHS_STANDARD_INCLUDING_64_BIT)";
				BUNDLE_LOADER = "$(BUILT_PRODUCTS_DIR)/SnapChat_V2.app/SnapChat_V2";
				FRAMEWORK_SEARCH_PATHS = (
					"$(SDKROOT)/Developer/Library/Frameworks",
					"$(inherited)",
					"$(DEVELOPER_FRAMEWORKS_DIR)",
				);
				GCC_PRECOMPILE_PREFIX_HEADER = YES;
				GCC_PREFIX_HEADER = "SnapChat_V2/SnapChat_V2-Prefix.pch";
				GCC_PREPROCESSOR_DEFINITIONS = (
					"DEBUG=1",
					"$(inherited)",
				);
				INFOPLIST_FILE = "SnapChat_V2Tests/SnapChat_V2Tests-Info.plist";
				PRODUCT_NAME = "$(TARGET_NAME)";
				TEST_HOST = "$(BUNDLE_LOADER)";
				WRAPPER_EXTENSION = xctest;
			};
			name = Debug;
		};
		06A76874180129C90090CBF5 /* Release */ = {
			isa = XCBuildConfiguration;
			buildSettings = {
				ARCHS = "$(ARCHS_STANDARD_INCLUDING_64_BIT)";
				BUNDLE_LOADER = "$(BUILT_PRODUCTS_DIR)/SnapChat_V2.app/SnapChat_V2";
				FRAMEWORK_SEARCH_PATHS = (
					"$(SDKROOT)/Developer/Library/Frameworks",
					"$(inherited)",
					"$(DEVELOPER_FRAMEWORKS_DIR)",
				);
				GCC_PRECOMPILE_PREFIX_HEADER = YES;
				GCC_PREFIX_HEADER = "SnapChat_V2/SnapChat_V2-Prefix.pch";
				INFOPLIST_FILE = "SnapChat_V2Tests/SnapChat_V2Tests-Info.plist";
				PRODUCT_NAME = "$(TARGET_NAME)";
				TEST_HOST = "$(BUNDLE_LOADER)";
				WRAPPER_EXTENSION = xctest;
			};
			name = Release;
		};
/* End XCBuildConfiguration section */

/* Begin XCConfigurationList section */
		06A76838180129C90090CBF5 /* Build configuration list for PBXProject "SnapChat_V2" */ = {
			isa = XCConfigurationList;
			buildConfigurations = (
				06A7686D180129C90090CBF5 /* Debug */,
				06A7686E180129C90090CBF5 /* Release */,
			);
			defaultConfigurationIsVisible = 0;
			defaultConfigurationName = Release;
		};
		06A7686F180129C90090CBF5 /* Build configuration list for PBXNativeTarget "SnapChat_V2" */ = {
			isa = XCConfigurationList;
			buildConfigurations = (
				06A76870180129C90090CBF5 /* Debug */,
				06A76871180129C90090CBF5 /* Release */,
			);
			defaultConfigurationIsVisible = 0;
			defaultConfigurationName = Release;
		};
		06A76872180129C90090CBF5 /* Build configuration list for PBXNativeTarget "SnapChat_V2Tests" */ = {
			isa = XCConfigurationList;
			buildConfigurations = (
				06A76873180129C90090CBF5 /* Debug */,
				06A76874180129C90090CBF5 /* Release */,
			);
			defaultConfigurationIsVisible = 0;
			defaultConfigurationName = Release;
		};
/* End XCConfigurationList section */
	};
	rootObject = 06A76835180129C90090CBF5 /* Project object */;
}
